
Microsoft Visual Studio Solution File, Format Version 12.00
# Visual Studio Version 16
VisualStudioVersion = 16.0.31112.23
MinimumVisualStudioVersion = 10.0.40219.1
Project("{FAE04EC0-301F-11D3-BF4B-00C04F79EFBC}") = "MvcStartApp", "MvcStartApp\MvcStartApp.csproj", "{8E2442A2-E817-4978-879E-028C72BB5A0B}"
EndProject
Global
	GlobalSection(SolutionConfigurationPlatforms) = preSolution
		Debug|Any CPU = Debug|Any CPU
		Release|Any CPU = Release|Any CPU
	EndGlobalSection
	GlobalSection(ProjectConfigurationPlatforms) = postSolution
		{8E2442A2-E817-4978-879E-028C72BB5A0B}.Debug|Any CPU.ActiveCfg = Debug|Any CPU
		{8E2442A2-E817-4978-879E-028C72BB5A0B}.Debug|Any CPU.Build.0 = Debug|Any CPU
		{8E2442A2-E817-4978-879E-028C72BB5A0B}.Release|Any CPU.ActiveCfg = Release|Any CPU
		{8E2442A2-E817-4978-879E-028C72BB5A0B}.Release|Any CPU.Build.0 = Release|Any CPU
	EndGlobalSection
	GlobalSection(SolutionProperties) = preSolution
		HideSolutionNode = FALSE
	EndGlobalSection
	GlobalSection(ExtensibilityGlobals) = postSolution
		SolutionGuid = {1DCFEC1D-3835-4774-9033-B7AA5178F87D}
	EndGlobalSection
EndGlobal
